PODS:
  - agora_rtc_engine (6.5.4):
    - AgoraIrisRTC_iOS (= 4.5.3-build.1)
    - AgoraRtcEngine_Special_iOS (= 4.5.3.70)
    - Flutter
  - AgoraIrisRTC_iOS (4.5.3-build.1)
  - AgoraRtcEngine_Special_iOS (4.5.3.70)
  - camera_avfoundation (0.0.1):
    - Flutter
  - device_info_plus (0.0.1):
    - Flutter
  - Flutter (1.0.0)
  - flutter_secure_storage_darwin (10.0.0):
    - Flutter
    - FlutterMacOS
  - iris_method_channel (0.0.1):
    - Flutter
  - package_info_plus (0.4.5):
    - Flutter
  - permission_handler_apple (9.4.8):
    - Flutter
  - wakelock_plus (0.0.1):
    - Flutter

DEPENDENCIES:
  - agora_rtc_engine (from `.symlinks/plugins/agora_rtc_engine/ios`)
  - camera_avfoundation (from `.symlinks/plugins/camera_avfoundation/ios`)
  - device_info_plus (from `.symlinks/plugins/device_info_plus/ios`)
  - Flutter (from `Flutter`)
  - flutter_secure_storage_darwin (from `.symlinks/plugins/flutter_secure_storage_darwin/darwin`)
  - iris_method_channel (from `.symlinks/plugins/iris_method_channel/ios`)
  - package_info_plus (from `.symlinks/plugins/package_info_plus/ios`)
  - permission_handler_apple (from `.symlinks/plugins/permission_handler_apple/ios`)
  - wakelock_plus (from `.symlinks/plugins/wakelock_plus/ios`)

SPEC REPOS:
  trunk:
    - AgoraIrisRTC_iOS
    - AgoraRtcEngine_Special_iOS

EXTERNAL SOURCES:
  agora_rtc_engine:
    :path: ".symlinks/plugins/agora_rtc_engine/ios"
  camera_avfoundation:
    :path: ".symlinks/plugins/camera_avfoundation/ios"
  device_info_plus:
    :path: ".symlinks/plugins/device_info_plus/ios"
  Flutter:
    :path: Flutter
  flutter_secure_storage_darwin:
    :path: ".symlinks/plugins/flutter_secure_storage_darwin/darwin"
  iris_method_channel:
    :path: ".symlinks/plugins/iris_method_channel/ios"
  package_info_plus:
    :path: ".symlinks/plugins/package_info_plus/ios"
  permission_handler_apple:
    :path: ".symlinks/plugins/permission_handler_apple/ios"
  wakelock_plus:
    :path: ".symlinks/plugins/wakelock_plus/ios"

SPEC CHECKSUMS:
  agora_rtc_engine: c8ad6313ec7a1b2f28ab3328ff485df6d19a32de
  AgoraIrisRTC_iOS: d6468160cad25d36c2b6cb5e9bd5b17ba4e58677
  AgoraRtcEngine_Special_iOS: 48063561d21b07524358ee0a17abc6be762c58f7
  camera_avfoundation: 968a9a5323c79a99c166ad9d7866bfd2047b5a9b
  device_info_plus: 21fcca2080fbcd348be798aa36c3e5ed849eefbe
  Flutter: cabc95a1d2626b1b06e7179b784ebcf0c0cde467
  flutter_secure_storage_darwin: 46e401699982ee74142909676535e0f6a7321e58
  iris_method_channel: 7d661cf3259b3009ae423508470dbeb9374446ee
  package_info_plus: af8e2ca6888548050f16fa2f1938db7b5a5df499
  permission_handler_apple: 92d754bbaa7361d436db2d6c3c1c2a0fdcec462e
  wakelock_plus: e29112ab3ef0b318e58cfa5c32326458be66b556

PODFILE CHECKSUM: 0b36ed34a3d00403349e96dd4a3ce289f0bc4f0a

COCOAPODS: 1.16.2
